// !$*UTF8*$!
{
	archiveVersion = 1;
	classes = {
	};
	objectVersion = 56;
	objects = {

/* Begin PBXBuildFile section */
		A9046DC02A4896EF00240385 /* SharedVM.swift in Sources */ = {isa = PBXBuildFile; fileRef = A9046DBF2A4896EF00240385 /* SharedVM.swift */; };
		A9046DC22A489B0600240385 /* LibreBaskerville-Regular.ttf in Resources */ = {isa = PBXBuildFile; fileRef = A9046DC12A489B0600240385 /* LibreBaskerville-Regular.ttf */; };
		A9046DC42A496AE900240385 /* StageListPageView.swift in Sources */ = {isa = PBXBuildFile; fileRef = A9046DC32A496AE900240385 /* StageListPageView.swift */; };
		A9046DC62A4971E800240385 /* BackLinkButtonView.swift in Sources */ = {isa = PBXBuildFile; fileRef = A9046DC52A4971E800240385 /* BackLinkButtonView.swift */; };
		A9046DC82A49B97100240385 /* GradientBoxView.swift in Sources */ = {isa = PBXBuildFile; fileRef = A9046DC72A49B97100240385 /* GradientBoxView.swift */; };
		A9046DCA2A49C36D00240385 /* CanvasPageView.swift in Sources */ = {isa = PBXBuildFile; fileRef = A9046DC92A49C36D00240385 /* CanvasPageView.swift */; };
		A934BBB92A4B10EE0021C266 /* LayoutStyle.swift in Sources */ = {isa = PBXBuildFile; fileRef = A934BBB82A4B10EE0021C266 /* LayoutStyle.swift */; };
		A934BBC02A4B18B70021C266 /* DialView.swift in Sources */ = {isa = PBXBuildFile; fileRef = A934BBBF2A4B18B70021C266 /* DialView.swift */; };
		A934BBC22A4B1D720021C266 /* DialVM.swift in Sources */ = {isa = PBXBuildFile; fileRef = A934BBC12A4B1D720021C266 /* DialVM.swift */; };
		A934BBC52A4B1DFF0021C266 /* HapticManager.swift in Sources */ = {isa = PBXBuildFile; fileRef = A934BBC42A4B1DFF0021C266 /* HapticManager.swift */; };
		A98681212A487C4F00C58C8B /* StartPageView.swift in Sources */ = {isa = PBXBuildFile; fileRef = A98681202A487C4F00C58C8B /* StartPageView.swift */; };
		A98681252A4885BD00C58C8B /* Bundle+Extension.swift in Sources */ = {isa = PBXBuildFile; fileRef = A98681242A4885BD00C58C8B /* Bundle+Extension.swift */; };
		A99800032A2DFA76008332B4 /* PoemModel.swift in Sources */ = {isa = PBXBuildFile; fileRef = A99800022A2DFA76008332B4 /* PoemModel.swift */; };
		A99800062A2DFB40008332B4 /* StageModel.swift in Sources */ = {isa = PBXBuildFile; fileRef = A99800052A2DFB40008332B4 /* StageModel.swift */; };
		A99800082A2E07CC008332B4 /* GraphPaperView.swift in Sources */ = {isa = PBXBuildFile; fileRef = A99800072A2E07CC008332B4 /* GraphPaperView.swift */; };
		A998FFDE2A2DEADA008332B4 /* CustomFont.swift in Sources */ = {isa = PBXBuildFile; fileRef = A998FFDD2A2DEADA008332B4 /* CustomFont.swift */; };
		A998FFF12A2DF0B2008332B4 /* Font+Extension.swift in Sources */ = {isa = PBXBuildFile; fileRef = A998FFF02A2DF0B2008332B4 /* Font+Extension.swift */; };
		A998FFF32A2DF152008332B4 /* FontStyle.swift in Sources */ = {isa = PBXBuildFile; fileRef = A998FFF22A2DF152008332B4 /* FontStyle.swift */; };
		A998FFF52A2DF4B4008332B4 /* View+Extension.swift in Sources */ = {isa = PBXBuildFile; fileRef = A998FFF42A2DF4B4008332B4 /* View+Extension.swift */; };
		A998FFFA2A2DF6FD008332B4 /* TextView.swift in Sources */ = {isa = PBXBuildFile; fileRef = A998FFF92A2DF6FD008332B4 /* TextView.swift */; };
		A998FFFC2A2DF91E008332B4 /* Color+Extension.swift in Sources */ = {isa = PBXBuildFile; fileRef = A998FFFB2A2DF91E008332B4 /* Color+Extension.swift */; };
		A998FFFF2A2DF9BE008332B4 /* CGFloat+Extension.swift in Sources */ = {isa = PBXBuildFile; fileRef = A998FFFE2A2DF9BE008332B4 /* CGFloat+Extension.swift */; };
		A99FC94D2A41F80F00F23DE1 /* NanumMyeongjo-YetHangul.ttf in Resources */ = {isa = PBXBuildFile; fileRef = A99FC94C2A41F80F00F23DE1 /* NanumMyeongjo-YetHangul.ttf */; };
		A9FD56F02A1BA8AF00F95AFD /* Catch_a_PhraseApp.swift in Sources */ = {isa = PBXBuildFile; fileRef = A9FD56EF2A1BA8AF00F95AFD /* Catch_a_PhraseApp.swift */; };
		A9FD56F22A1BA8AF00F95AFD /* ContentView.swift in Sources */ = {isa = PBXBuildFile; fileRef = A9FD56F12A1BA8AF00F95AFD /* ContentView.swift */; };
		A9FD56F42A1BA8B100F95AFD /* Assets.xcassets in Resources */ = {isa = PBXBuildFile; fileRef = A9FD56F32A1BA8B100F95AFD /* Assets.xcassets */; };
		A9FD56F72A1BA8B100F95AFD /* Preview Assets.xcassets in Resources */ = {isa = PBXBuildFile; fileRef = A9FD56F62A1BA8B100F95AFD /* Preview Assets.xcassets */; };
		A9FD56F92A1BA8B100F95AFD /* Persistence.swift in Sources */ = {isa = PBXBuildFile; fileRef = A9FD56F82A1BA8B100F95AFD /* Persistence.swift */; };
		A9FD56FC2A1BA8B100F95AFD /* Catch_a_Phrase.xcdatamodeld in Sources */ = {isa = PBXBuildFile; fileRef = A9FD56FA2A1BA8B100F95AFD /* Catch_a_Phrase.xcdatamodeld */; };
		A9FD57072A1BA8B100F95AFD /* Catch_a_PhraseTests.swift in Sources */ = {isa = PBXBuildFile; fileRef = A9FD57062A1BA8B100F95AFD /* Catch_a_PhraseTests.swift */; };
		A9FD57112A1BA8B100F95AFD /* Catch_a_PhraseUITests.swift in Sources */ = {isa = PBXBuildFile; fileRef = A9FD57102A1BA8B100F95AFD /* Catch_a_PhraseUITests.swift */; };
		A9FD57132A1BA8B100F95AFD /* Catch_a_PhraseUITestsLaunchTests.swift in Sources */ = {isa = PBXBuildFile; fileRef = A9FD57122A1BA8B100F95AFD /* Catch_a_PhraseUITestsLaunchTests.swift */; };
/* End PBXBuildFile section */

/* Begin PBXContainerItemProxy section */
		A9FD57032A1BA8B100F95AFD /* PBXContainerItemProxy */ = {
			isa = PBXContainerItemProxy;
			containerPortal = A9FD56E42A1BA8AF00F95AFD /* Project object */;
			proxyType = 1;
			remoteGlobalIDString = A9FD56EB2A1BA8AF00F95AFD;
			remoteInfo = Catch_a_Phrase;
		};
		A9FD570D2A1BA8B100F95AFD /* PBXContainerItemProxy */ = {
			isa = PBXContainerItemProxy;
			containerPortal = A9FD56E42A1BA8AF00F95AFD /* Project object */;
			proxyType = 1;
			remoteGlobalIDString = A9FD56EB2A1BA8AF00F95AFD;
			remoteInfo = Catch_a_Phrase;
		};
/* End PBXContainerItemProxy section */

/* Begin PBXFileReference section */
		A9046DBF2A4896EF00240385 /* SharedVM.swift */ = {isa = PBXFileReference; lastKnownFileType = sourcecode.swift; path = SharedVM.swift; sourceTree = "<group>"; };
		A9046DC12A489B0600240385 /* LibreBaskerville-Regular.ttf */ = {isa = PBXFileReference; lastKnownFileType = file; path = "LibreBaskerville-Regular.ttf"; sourceTree = "<group>"; };
		A9046DC32A496AE900240385 /* StageListPageView.swift */ = {isa = PBXFileReference; lastKnownFileType = sourcecode.swift; path = StageListPageView.swift; sourceTree = "<group>"; };
		A9046DC52A4971E800240385 /* BackLinkButtonView.swift */ = {isa = PBXFileReference; lastKnownFileType = sourcecode.swift; path = BackLinkButtonView.swift; sourceTree = "<group>"; };
		A9046DC72A49B97100240385 /* GradientBoxView.swift */ = {isa = PBXFileReference; lastKnownFileType = sourcecode.swift; path = GradientBoxView.swift; sourceTree = "<group>"; };
		A9046DC92A49C36D00240385 /* CanvasPageView.swift */ = {isa = PBXFileReference; lastKnownFileType = sourcecode.swift; path = CanvasPageView.swift; sourceTree = "<group>"; };
		A934BBB82A4B10EE0021C266 /* LayoutStyle.swift */ = {isa = PBXFileReference; lastKnownFileType = sourcecode.swift; path = LayoutStyle.swift; sourceTree = "<group>"; };
		A934BBBF2A4B18B70021C266 /* DialView.swift */ = {isa = PBXFileReference; lastKnownFileType = sourcecode.swift; path = DialView.swift; sourceTree = "<group>"; };
		A934BBC12A4B1D720021C266 /* DialVM.swift */ = {isa = PBXFileReference; lastKnownFileType = sourcecode.swift; path = DialVM.swift; sourceTree = "<group>"; };
		A934BBC42A4B1DFF0021C266 /* HapticManager.swift */ = {isa = PBXFileReference; lastKnownFileType = sourcecode.swift; path = HapticManager.swift; sourceTree = "<group>"; };
		A98681202A487C4F00C58C8B /* StartPageView.swift */ = {isa = PBXFileReference; lastKnownFileType = sourcecode.swift; path = StartPageView.swift; sourceTree = "<group>"; };
		A98681222A4881EE00C58C8B /* shared.xcconfig */ = {isa = PBXFileReference; lastKnownFileType = text.xcconfig; path = shared.xcconfig; sourceTree = "<group>"; };
		A98681242A4885BD00C58C8B /* Bundle+Extension.swift */ = {isa = PBXFileReference; lastKnownFileType = sourcecode.swift; path = "Bundle+Extension.swift"; sourceTree = "<group>"; };
		A99800022A2DFA76008332B4 /* PoemModel.swift */ = {isa = PBXFileReference; lastKnownFileType = sourcecode.swift; path = PoemModel.swift; sourceTree = "<group>"; };
		A99800052A2DFB40008332B4 /* StageModel.swift */ = {isa = PBXFileReference; lastKnownFileType = sourcecode.swift; path = StageModel.swift; sourceTree = "<group>"; };
		A99800072A2E07CC008332B4 /* GraphPaperView.swift */ = {isa = PBXFileReference; lastKnownFileType = sourcecode.swift; path = GraphPaperView.swift; sourceTree = "<group>"; };
		A998FFDD2A2DEADA008332B4 /* CustomFont.swift */ = {isa = PBXFileReference; lastKnownFileType = sourcecode.swift; path = CustomFont.swift; sourceTree = "<group>"; };
		A998FFF02A2DF0B2008332B4 /* Font+Extension.swift */ = {isa = PBXFileReference; lastKnownFileType = sourcecode.swift; path = "Font+Extension.swift"; sourceTree = "<group>"; };
		A998FFF22A2DF152008332B4 /* FontStyle.swift */ = {isa = PBXFileReference; lastKnownFileType = sourcecode.swift; path = FontStyle.swift; sourceTree = "<group>"; };
		A998FFF42A2DF4B4008332B4 /* View+Extension.swift */ = {isa = PBXFileReference; lastKnownFileType = sourcecode.swift; path = "View+Extension.swift"; sourceTree = "<group>"; };
		A998FFF92A2DF6FD008332B4 /* TextView.swift */ = {isa = PBXFileReference; lastKnownFileType = sourcecode.swift; path = TextView.swift; sourceTree = "<group>"; };
		A998FFFB2A2DF91E008332B4 /* Color+Extension.swift */ = {isa = PBXFileReference; lastKnownFileType = sourcecode.swift; path = "Color+Extension.swift"; sourceTree = "<group>"; };
		A998FFFE2A2DF9BE008332B4 /* CGFloat+Extension.swift */ = {isa = PBXFileReference; lastKnownFileType = sourcecode.swift; path = "CGFloat+Extension.swift"; sourceTree = "<group>"; };
		A99FC94C2A41F80F00F23DE1 /* NanumMyeongjo-YetHangul.ttf */ = {isa = PBXFileReference; lastKnownFileType = file; path = "NanumMyeongjo-YetHangul.ttf"; sourceTree = "<group>"; };
		A99FC9512A41FAB500F23DE1 /* Catch-a-Phrase-Info.plist */ = {isa = PBXFileReference; lastKnownFileType = text.plist; path = "Catch-a-Phrase-Info.plist"; sourceTree = SOURCE_ROOT; };
		A9FD56EC2A1BA8AF00F95AFD /* Catch_a_Phrase.app */ = {isa = PBXFileReference; explicitFileType = wrapper.application; includeInIndex = 0; path = Catch_a_Phrase.app; sourceTree = BUILT_PRODUCTS_DIR; };
		A9FD56EF2A1BA8AF00F95AFD /* Catch_a_PhraseApp.swift */ = {isa = PBXFileReference; lastKnownFileType = sourcecode.swift; path = Catch_a_PhraseApp.swift; sourceTree = "<group>"; };
		A9FD56F12A1BA8AF00F95AFD /* ContentView.swift */ = {isa = PBXFileReference; lastKnownFileType = sourcecode.swift; path = ContentView.swift; sourceTree = "<group>"; };
		A9FD56F32A1BA8B100F95AFD /* Assets.xcassets */ = {isa = PBXFileReference; lastKnownFileType = folder.assetcatalog; path = Assets.xcassets; sourceTree = "<group>"; };
		A9FD56F62A1BA8B100F95AFD /* Preview Assets.xcassets */ = {isa = PBXFileReference; lastKnownFileType = folder.assetcatalog; path = "Preview Assets.xcassets"; sourceTree = "<group>"; };
		A9FD56F82A1BA8B100F95AFD /* Persistence.swift */ = {isa = PBXFileReference; lastKnownFileType = sourcecode.swift; path = Persistence.swift; sourceTree = "<group>"; };
		A9FD56FB2A1BA8B100F95AFD /* Catch_a_Phrase.xcdatamodel */ = {isa = PBXFileReference; lastKnownFileType = wrapper.xcdatamodel; path = Catch_a_Phrase.xcdatamodel; sourceTree = "<group>"; };
		A9FD56FD2A1BA8B100F95AFD /* Info.plist */ = {isa = PBXFileReference; lastKnownFileType = text.plist.xml; path = Info.plist; sourceTree = "<group>"; };
		A9FD57022A1BA8B100F95AFD /* Catch_a_PhraseTests.xctest */ = {isa = PBXFileReference; explicitFileType = wrapper.cfbundle; includeInIndex = 0; path = Catch_a_PhraseTests.xctest; sourceTree = BUILT_PRODUCTS_DIR; };
		A9FD57062A1BA8B100F95AFD /* Catch_a_PhraseTests.swift */ = {isa = PBXFileReference; lastKnownFileType = sourcecode.swift; path = Catch_a_PhraseTests.swift; sourceTree = "<group>"; };
		A9FD570C2A1BA8B100F95AFD /* Catch_a_PhraseUITests.xctest */ = {isa = PBXFileReference; explicitFileType = wrapper.cfbundle; includeInIndex = 0; path = Catch_a_PhraseUITests.xctest; sourceTree = BUILT_PRODUCTS_DIR; };
		A9FD57102A1BA8B100F95AFD /* Catch_a_PhraseUITests.swift */ = {isa = PBXFileReference; lastKnownFileType = sourcecode.swift; path = Catch_a_PhraseUITests.swift; sourceTree = "<group>"; };
		A9FD57122A1BA8B100F95AFD /* Catch_a_PhraseUITestsLaunchTests.swift */ = {isa = PBXFileReference; lastKnownFileType = sourcecode.swift; path = Catch_a_PhraseUITestsLaunchTests.swift; sourceTree = "<group>"; };
/* End PBXFileReference section */

/* Begin PBXFrameworksBuildPhase section */
		A9FD56E92A1BA8AF00F95AFD /* Frameworks */ = {
			isa = PBXFrameworksBuildPhase;
			buildActionMask = 2147483647;
			files = (
			);
			runOnlyForDeploymentPostprocessing = 0;
		};
		A9FD56FF2A1BA8B100F95AFD /* Frameworks */ = {
			isa = PBXFrameworksBuildPhase;
			buildActionMask = 2147483647;
			files = (
			);
			runOnlyForDeploymentPostprocessing = 0;
		};
		A9FD57092A1BA8B100F95AFD /* Frameworks */ = {
			isa = PBXFrameworksBuildPhase;
			buildActionMask = 2147483647;
			files = (
			);
			runOnlyForDeploymentPostprocessing = 0;
		};
/* End PBXFrameworksBuildPhase section */

/* Begin PBXGroup section */
		A9046DBE2A4896CE00240385 /* ViewModel */ = {
			isa = PBXGroup;
			children = (
				A9046DBF2A4896EF00240385 /* SharedVM.swift */,
				A934BBC12A4B1D720021C266 /* DialVM.swift */,
			);
			path = ViewModel;
			sourceTree = "<group>";
		};
		A934BBB72A4B10B80021C266 /* Layout */ = {
			isa = PBXGroup;
			children = (
				A934BBB82A4B10EE0021C266 /* LayoutStyle.swift */,
			);
			path = Layout;
			sourceTree = "<group>";
		};
		A934BBBA2A4B18640021C266 /* StartPage */ = {
			isa = PBXGroup;
			children = (
				A98681202A487C4F00C58C8B /* StartPageView.swift */,
			);
			path = StartPage;
			sourceTree = "<group>";
		};
		A934BBBB2A4B186F0021C266 /* StageListPage */ = {
			isa = PBXGroup;
			children = (
				A9046DC32A496AE900240385 /* StageListPageView.swift */,
			);
			path = StageListPage;
			sourceTree = "<group>";
		};
		A934BBBC2A4B187B0021C266 /* CanvasPage */ = {
			isa = PBXGroup;
			children = (
				A9046DC92A49C36D00240385 /* CanvasPageView.swift */,
				A934BBBF2A4B18B70021C266 /* DialView.swift */,
			);
			path = CanvasPage;
			sourceTree = "<group>";
		};
		A934BBC32A4B1DDA0021C266 /* InteractionUtils */ = {
			isa = PBXGroup;
			children = (
				A934BBC42A4B1DFF0021C266 /* HapticManager.swift */,
			);
			path = InteractionUtils;
			sourceTree = "<group>";
		};
		A986811F2A487C3C00C58C8B /* Page */ = {
			isa = PBXGroup;
			children = (
				A934BBBC2A4B187B0021C266 /* CanvasPage */,
				A934BBBB2A4B186F0021C266 /* StageListPage */,
				A934BBBA2A4B18640021C266 /* StartPage */,
			);
			path = Page;
			sourceTree = "<group>";
		};
		A98681232A48830900C58C8B /* XCConfig */ = {
			isa = PBXGroup;
			children = (
				A98681222A4881EE00C58C8B /* shared.xcconfig */,
			);
			path = XCConfig;
			sourceTree = "<group>";
		};
		A99800002A2DF9D2008332B4 /* Spacing */ = {
			isa = PBXGroup;
			children = (
				A998FFFE2A2DF9BE008332B4 /* CGFloat+Extension.swift */,
			);
			path = Spacing;
			sourceTree = "<group>";
		};
		A99800012A2DFA35008332B4 /* PoemModel */ = {
			isa = PBXGroup;
			children = (
				A99800022A2DFA76008332B4 /* PoemModel.swift */,
			);
			path = PoemModel;
			sourceTree = "<group>";
		};
		A99800042A2DFB22008332B4 /* StageModel */ = {
			isa = PBXGroup;
			children = (
				A99800052A2DFB40008332B4 /* StageModel.swift */,
			);
			path = StageModel;
			sourceTree = "<group>";
		};
		A998FFD92A2DD471008332B4 /* Models */ = {
			isa = PBXGroup;
			children = (
				A99800042A2DFB22008332B4 /* StageModel */,
				A99800012A2DFA35008332B4 /* PoemModel */,
				A998FFDA2A2DD4C0008332B4 /* CoreData */,
			);
			path = Models;
			sourceTree = "<group>";
		};
		A998FFDA2A2DD4C0008332B4 /* CoreData */ = {
			isa = PBXGroup;
			children = (
				A9FD56F82A1BA8B100F95AFD /* Persistence.swift */,
				A9FD56FA2A1BA8B100F95AFD /* Catch_a_Phrase.xcdatamodeld */,
			);
			path = CoreData;
			sourceTree = "<group>";
		};
		A998FFDB2A2DD551008332B4 /* View */ = {
			isa = PBXGroup;
			children = (
				A986811F2A487C3C00C58C8B /* Page */,
				A998FFF62A2DF6D0008332B4 /* Component */,
			);
			path = View;
			sourceTree = "<group>";
		};
		A998FFDC2A2DD558008332B4 /* Utils */ = {
			isa = PBXGroup;
			children = (
				A934BBC32A4B1DDA0021C266 /* InteractionUtils */,
				A998FFE42A2DECAE008332B4 /* FontUtils */,
				A98681242A4885BD00C58C8B /* Bundle+Extension.swift */,
			);
			path = Utils;
			sourceTree = "<group>";
		};
		A998FFE42A2DECAE008332B4 /* FontUtils */ = {
			isa = PBXGroup;
			children = (
				A998FFDD2A2DEADA008332B4 /* CustomFont.swift */,
			);
			path = FontUtils;
			sourceTree = "<group>";
		};
		A998FFE72A2DED39008332B4 /* Style */ = {
			isa = PBXGroup;
			children = (
				A934BBB72A4B10B80021C266 /* Layout */,
				A99800002A2DF9D2008332B4 /* Spacing */,
				A998FFFD2A2DF952008332B4 /* Color */,
				A998FFE82A2DED46008332B4 /* Font */,
			);
			path = Style;
			sourceTree = "<group>";
		};
		A998FFE82A2DED46008332B4 /* Font */ = {
			isa = PBXGroup;
			children = (
				A998FFF22A2DF152008332B4 /* FontStyle.swift */,
			);
			path = Font;
			sourceTree = "<group>";
		};
		A998FFEF2A2DF0A0008332B4 /* Extension */ = {
			isa = PBXGroup;
			children = (
				A998FFF02A2DF0B2008332B4 /* Font+Extension.swift */,
				A998FFF42A2DF4B4008332B4 /* View+Extension.swift */,
			);
			path = Extension;
			sourceTree = "<group>";
		};
		A998FFF62A2DF6D0008332B4 /* Component */ = {
			isa = PBXGroup;
			children = (
				A998FFF92A2DF6FD008332B4 /* TextView.swift */,
				A99800072A2E07CC008332B4 /* GraphPaperView.swift */,
				A9046DC52A4971E800240385 /* BackLinkButtonView.swift */,
				A9046DC72A49B97100240385 /* GradientBoxView.swift */,
			);
			path = Component;
			sourceTree = "<group>";
		};
		A998FFFD2A2DF952008332B4 /* Color */ = {
			isa = PBXGroup;
			children = (
				A998FFFB2A2DF91E008332B4 /* Color+Extension.swift */,
			);
			path = Color;
			sourceTree = "<group>";
		};
		A9FD56E32A1BA8AF00F95AFD = {
			isa = PBXGroup;
			children = (
				A98681232A48830900C58C8B /* XCConfig */,
				A9046DC12A489B0600240385 /* LibreBaskerville-Regular.ttf */,
				A99FC94C2A41F80F00F23DE1 /* NanumMyeongjo-YetHangul.ttf */,
				A9FD56EE2A1BA8AF00F95AFD /* Catch_a_Phrase */,
				A9FD57052A1BA8B100F95AFD /* Catch_a_PhraseTests */,
				A9FD570F2A1BA8B100F95AFD /* Catch_a_PhraseUITests */,
				A9FD56ED2A1BA8AF00F95AFD /* Products */,
			);
			sourceTree = "<group>";
		};
		A9FD56ED2A1BA8AF00F95AFD /* Products */ = {
			isa = PBXGroup;
			children = (
				A9FD56EC2A1BA8AF00F95AFD /* Catch_a_Phrase.app */,
				A9FD57022A1BA8B100F95AFD /* Catch_a_PhraseTests.xctest */,
				A9FD570C2A1BA8B100F95AFD /* Catch_a_PhraseUITests.xctest */,
			);
			name = Products;
			sourceTree = "<group>";
		};
		A9FD56EE2A1BA8AF00F95AFD /* Catch_a_Phrase */ = {
			isa = PBXGroup;
			children = (
				A9046DBE2A4896CE00240385 /* ViewModel */,
				A99FC9512A41FAB500F23DE1 /* Catch-a-Phrase-Info.plist */,
				A998FFEF2A2DF0A0008332B4 /* Extension */,
				A998FFE72A2DED39008332B4 /* Style */,
				A998FFDC2A2DD558008332B4 /* Utils */,
				A998FFDB2A2DD551008332B4 /* View */,
				A998FFD92A2DD471008332B4 /* Models */,
				A9FD56EF2A1BA8AF00F95AFD /* Catch_a_PhraseApp.swift */,
				A9FD56F12A1BA8AF00F95AFD /* ContentView.swift */,
				A9FD56F32A1BA8B100F95AFD /* Assets.xcassets */,
				A9FD56FD2A1BA8B100F95AFD /* Info.plist */,
				A9FD56F52A1BA8B100F95AFD /* Preview Content */,
			);
			path = Catch_a_Phrase;
			sourceTree = "<group>";
		};
		A9FD56F52A1BA8B100F95AFD /* Preview Content */ = {
			isa = PBXGroup;
			children = (
				A9FD56F62A1BA8B100F95AFD /* Preview Assets.xcassets */,
			);
			path = "Preview Content";
			sourceTree = "<group>";
		};
		A9FD57052A1BA8B100F95AFD /* Catch_a_PhraseTests */ = {
			isa = PBXGroup;
			children = (
				A9FD57062A1BA8B100F95AFD /* Catch_a_PhraseTests.swift */,
			);
			path = Catch_a_PhraseTests;
			sourceTree = "<group>";
		};
		A9FD570F2A1BA8B100F95AFD /* Catch_a_PhraseUITests */ = {
			isa = PBXGroup;
			children = (
				A9FD57102A1BA8B100F95AFD /* Catch_a_PhraseUITests.swift */,
				A9FD57122A1BA8B100F95AFD /* Catch_a_PhraseUITestsLaunchTests.swift */,
			);
			path = Catch_a_PhraseUITests;
			sourceTree = "<group>";
		};
/* End PBXGroup section */

/* Begin PBXNativeTarget section */
		A9FD56EB2A1BA8AF00F95AFD /* Catch_a_Phrase */ = {
			isa = PBXNativeTarget;
			buildConfigurationList = A9FD57162A1BA8B100F95AFD /* Build configuration list for PBXNativeTarget "Catch_a_Phrase" */;
			buildPhases = (
				A9FD56E82A1BA8AF00F95AFD /* Sources */,
				A9FD56E92A1BA8AF00F95AFD /* Frameworks */,
				A9FD56EA2A1BA8AF00F95AFD /* Resources */,
			);
			buildRules = (
			);
			dependencies = (
			);
			name = Catch_a_Phrase;
			productName = Catch_a_Phrase;
			productReference = A9FD56EC2A1BA8AF00F95AFD /* Catch_a_Phrase.app */;
			productType = "com.apple.product-type.application";
		};
		A9FD57012A1BA8B100F95AFD /* Catch_a_PhraseTests */ = {
			isa = PBXNativeTarget;
			buildConfigurationList = A9FD57192A1BA8B100F95AFD /* Build configuration list for PBXNativeTarget "Catch_a_PhraseTests" */;
			buildPhases = (
				A9FD56FE2A1BA8B100F95AFD /* Sources */,
				A9FD56FF2A1BA8B100F95AFD /* Frameworks */,
				A9FD57002A1BA8B100F95AFD /* Resources */,
			);
			buildRules = (
			);
			dependencies = (
				A9FD57042A1BA8B100F95AFD /* PBXTargetDependency */,
			);
			name = Catch_a_PhraseTests;
			productName = Catch_a_PhraseTests;
			productReference = A9FD57022A1BA8B100F95AFD /* Catch_a_PhraseTests.xctest */;
			productType = "com.apple.product-type.bundle.unit-test";
		};
		A9FD570B2A1BA8B100F95AFD /* Catch_a_PhraseUITests */ = {
			isa = PBXNativeTarget;
			buildConfigurationList = A9FD571C2A1BA8B100F95AFD /* Build configuration list for PBXNativeTarget "Catch_a_PhraseUITests" */;
			buildPhases = (
				A9FD57082A1BA8B100F95AFD /* Sources */,
				A9FD57092A1BA8B100F95AFD /* Frameworks */,
				A9FD570A2A1BA8B100F95AFD /* Resources */,
			);
			buildRules = (
			);
			dependencies = (
				A9FD570E2A1BA8B100F95AFD /* PBXTargetDependency */,
			);
			name = Catch_a_PhraseUITests;
			productName = Catch_a_PhraseUITests;
			productReference = A9FD570C2A1BA8B100F95AFD /* Catch_a_PhraseUITests.xctest */;
			productType = "com.apple.product-type.bundle.ui-testing";
		};
/* End PBXNativeTarget section */

/* Begin PBXProject section */
		A9FD56E42A1BA8AF00F95AFD /* Project object */ = {
			isa = PBXProject;
			attributes = {
				BuildIndependentTargetsInParallel = 1;
				LastSwiftUpdateCheck = 1430;
				LastUpgradeCheck = 1430;
				TargetAttributes = {
					A9FD56EB2A1BA8AF00F95AFD = {
						CreatedOnToolsVersion = 14.3;
					};
					A9FD57012A1BA8B100F95AFD = {
						CreatedOnToolsVersion = 14.3;
						TestTargetID = A9FD56EB2A1BA8AF00F95AFD;
					};
					A9FD570B2A1BA8B100F95AFD = {
						CreatedOnToolsVersion = 14.3;
						TestTargetID = A9FD56EB2A1BA8AF00F95AFD;
					};
				};
			};
			buildConfigurationList = A9FD56E72A1BA8AF00F95AFD /* Build configuration list for PBXProject "Catch_a_Phrase" */;
			compatibilityVersion = "Xcode 14.0";
			developmentRegion = en;
			hasScannedForEncodings = 0;
			knownRegions = (
				en,
				Base,
			);
			mainGroup = A9FD56E32A1BA8AF00F95AFD;
			productRefGroup = A9FD56ED2A1BA8AF00F95AFD /* Products */;
			projectDirPath = "";
			projectRoot = "";
			targets = (
				A9FD56EB2A1BA8AF00F95AFD /* Catch_a_Phrase */,
				A9FD57012A1BA8B100F95AFD /* Catch_a_PhraseTests */,
				A9FD570B2A1BA8B100F95AFD /* Catch_a_PhraseUITests */,
			);
		};
/* End PBXProject section */

/* Begin PBXResourcesBuildPhase section */
		A9FD56EA2A1BA8AF00F95AFD /* Resources */ = {
			isa = PBXResourcesBuildPhase;
			buildActionMask = 2147483647;
			files = (
				A99FC94D2A41F80F00F23DE1 /* NanumMyeongjo-YetHangul.ttf in Resources */,
				A9046DC22A489B0600240385 /* LibreBaskerville-Regular.ttf in Resources */,
				A9FD56F72A1BA8B100F95AFD /* Preview Assets.xcassets in Resources */,
				A9FD56F42A1BA8B100F95AFD /* Assets.xcassets in Resources */,
			);
			runOnlyForDeploymentPostprocessing = 0;
		};
		A9FD57002A1BA8B100F95AFD /* Resources */ = {
			isa = PBXResourcesBuildPhase;
			buildActionMask = 2147483647;
			files = (
			);
			runOnlyForDeploymentPostprocessing = 0;
		};
		A9FD570A2A1BA8B100F95AFD /* Resources */ = {
			isa = PBXResourcesBuildPhase;
			buildActionMask = 2147483647;
			files = (
			);
			runOnlyForDeploymentPostprocessing = 0;
		};
/* End PBXResourcesBuildPhase section */

/* Begin PBXSourcesBuildPhase section */
		A9FD56E82A1BA8AF00F95AFD /* Sources */ = {
			isa = PBXSourcesBuildPhase;
			buildActionMask = 2147483647;
			files = (
				A998FFDE2A2DEADA008332B4 /* CustomFont.swift in Sources */,
				A934BBC52A4B1DFF0021C266 /* HapticManager.swift in Sources */,
				A998FFFF2A2DF9BE008332B4 /* CGFloat+Extension.swift in Sources */,
				A998FFFC2A2DF91E008332B4 /* Color+Extension.swift in Sources */,
				A934BBC02A4B18B70021C266 /* DialView.swift in Sources */,
				A9046DCA2A49C36D00240385 /* CanvasPageView.swift in Sources */,
				A98681252A4885BD00C58C8B /* Bundle+Extension.swift in Sources */,
				A9046DC62A4971E800240385 /* BackLinkButtonView.swift in Sources */,
				A9FD56FC2A1BA8B100F95AFD /* Catch_a_Phrase.xcdatamodeld in Sources */,
				A99800082A2E07CC008332B4 /* GraphPaperView.swift in Sources */,
				A9046DC42A496AE900240385 /* StageListPageView.swift in Sources */,
				A934BBB92A4B10EE0021C266 /* LayoutStyle.swift in Sources */,
				A998FFF52A2DF4B4008332B4 /* View+Extension.swift in Sources */,
				A934BBC22A4B1D720021C266 /* DialVM.swift in Sources */,
				A9046DC02A4896EF00240385 /* SharedVM.swift in Sources */,
				A9046DC82A49B97100240385 /* GradientBoxView.swift in Sources */,
				A998FFF12A2DF0B2008332B4 /* Font+Extension.swift in Sources */,
				A9FD56F92A1BA8B100F95AFD /* Persistence.swift in Sources */,
				A9FD56F22A1BA8AF00F95AFD /* ContentView.swift in Sources */,
				A99800032A2DFA76008332B4 /* PoemModel.swift in Sources */,
				A998FFFA2A2DF6FD008332B4 /* TextView.swift in Sources */,
				A9FD56F02A1BA8AF00F95AFD /* Catch_a_PhraseApp.swift in Sources */,
				A98681212A487C4F00C58C8B /* StartPageView.swift in Sources */,
				A99800062A2DFB40008332B4 /* StageModel.swift in Sources */,
				A998FFF32A2DF152008332B4 /* FontStyle.swift in Sources */,
			);
			runOnlyForDeploymentPostprocessing = 0;
		};
		A9FD56FE2A1BA8B100F95AFD /* Sources */ = {
			isa = PBXSourcesBuildPhase;
			buildActionMask = 2147483647;
			files = (
				A9FD57072A1BA8B100F95AFD /* Catch_a_PhraseTests.swift in Sources */,
			);
			runOnlyForDeploymentPostprocessing = 0;
		};
		A9FD57082A1BA8B100F95AFD /* Sources */ = {
			isa = PBXSourcesBuildPhase;
			buildActionMask = 2147483647;
			files = (
				A9FD57112A1BA8B100F95AFD /* Catch_a_PhraseUITests.swift in Sources */,
				A9FD57132A1BA8B100F95AFD /* Catch_a_PhraseUITestsLaunchTests.swift in Sources */,
			);
			runOnlyForDeploymentPostprocessing = 0;
		};
/* End PBXSourcesBuildPhase section */

/* Begin PBXTargetDependency section */
		A9FD57042A1BA8B100F95AFD /* PBXTargetDependency */ = {
			isa = PBXTargetDependency;
			target = A9FD56EB2A1BA8AF00F95AFD /* Catch_a_Phrase */;
			targetProxy = A9FD57032A1BA8B100F95AFD /* PBXContainerItemProxy */;
		};
		A9FD570E2A1BA8B100F95AFD /* PBXTargetDependency */ = {
			isa = PBXTargetDependency;
			target = A9FD56EB2A1BA8AF00F95AFD /* Catch_a_Phrase */;
			targetProxy = A9FD570D2A1BA8B100F95AFD /* PBXContainerItemProxy */;
		};
/* End PBXTargetDependency section */

/* Begin XCBuildConfiguration section */
		A9FD57142A1BA8B100F95AFD /* Debug */ = {
			isa = XCBuildConfiguration;
			baseConfigurationReference = A98681222A4881EE00C58C8B /* shared.xcconfig */;
			buildSettings = {
				ALWAYS_SEARCH_USER_PATHS = NO;
				CLANG_ANALYZER_NONNULL = YES;
				CLANG_ANALYZER_NUMBER_OBJECT_CONVERSION = YES_AGGRESSIVE;
				CLANG_CXX_LANGUAGE_STANDARD = "gnu++20";
				CLANG_ENABLE_MODULES = YES;
				CLANG_ENABLE_OBJC_ARC = YES;
				CLANG_ENABLE_OBJC_WEAK = YES;
				CLANG_WARN_BLOCK_CAPTURE_AUTORELEASING = YES;
				CLANG_WARN_BOOL_CONVERSION = YES;
				CLANG_WARN_COMMA = YES;
				CLANG_WARN_CONSTANT_CONVERSION = YES;
				CLANG_WARN_DEPRECATED_OBJC_IMPLEMENTATIONS = YES;
				CLANG_WARN_DIRECT_OBJC_ISA_USAGE = YES_ERROR;
				CLANG_WARN_DOCUMENTATION_COMMENTS = YES;
				CLANG_WARN_EMPTY_BODY = YES;
				CLANG_WARN_ENUM_CONVERSION = YES;
				CLANG_WARN_INFINITE_RECURSION = YES;
				CLANG_WARN_INT_CONVERSION = YES;
				CLANG_WARN_NON_LITERAL_NULL_CONVERSION = YES;
				CLANG_WARN_OBJC_IMPLICIT_RETAIN_SELF = YES;
				CLANG_WARN_OBJC_LITERAL_CONVERSION = YES;
				CLANG_WARN_OBJC_ROOT_CLASS = YES_ERROR;
				CLANG_WARN_QUOTED_INCLUDE_IN_FRAMEWORK_HEADER = YES;
				CLANG_WARN_RANGE_LOOP_ANALYSIS = YES;
				CLANG_WARN_STRICT_PROTOTYPES = YES;
				CLANG_WARN_SUSPICIOUS_MOVE = YES;
				CLANG_WARN_UNGUARDED_AVAILABILITY = YES_AGGRESSIVE;
				CLANG_WARN_UNREACHABLE_CODE = YES;
				CLANG_WARN__DUPLICATE_METHOD_MATCH = YES;
				COPY_PHASE_STRIP = NO;
				DEBUG_INFORMATION_FORMAT = dwarf;
				ENABLE_STRICT_OBJC_MSGSEND = YES;
				ENABLE_TESTABILITY = YES;
				GCC_C_LANGUAGE_STANDARD = gnu11;
				GCC_DYNAMIC_NO_PIC = NO;
				GCC_NO_COMMON_BLOCKS = YES;
				GCC_OPTIMIZATION_LEVEL = 0;
				GCC_PREPROCESSOR_DEFINITIONS = (
					"DEBUG=1",
					"$(inherited)",
				);
				GCC_WARN_64_TO_32_BIT_CONVERSION = YES;
				GCC_WARN_ABOUT_RETURN_TYPE = YES_ERROR;
				GCC_WARN_UNDECLARED_SELECTOR = YES;
				GCC_WARN_UNINITIALIZED_AUTOS = YES_AGGRESSIVE;
				GCC_WARN_UNUSED_FUNCTION = YES;
				GCC_WARN_UNUSED_VARIABLE = YES;
				IPHONEOS_DEPLOYMENT_TARGET = 16.4;
				MTL_ENABLE_DEBUG_INFO = INCLUDE_SOURCE;
				MTL_FAST_MATH = YES;
				ONLY_ACTIVE_ARCH = YES;
				SDKROOT = iphoneos;
				SWIFT_ACTIVE_COMPILATION_CONDITIONS = DEBUG;
				SWIFT_OPTIMIZATION_LEVEL = "-Onone";
			};
			name = Debug;
		};
		A9FD57152A1BA8B100F95AFD /* Release */ = {
			isa = XCBuildConfiguration;
			baseConfigurationReference = A98681222A4881EE00C58C8B /* shared.xcconfig */;
			buildSettings = {
				ALWAYS_SEARCH_USER_PATHS = NO;
				CLANG_ANALYZER_NONNULL = YES;
				CLANG_ANALYZER_NUMBER_OBJECT_CONVERSION = YES_AGGRESSIVE;
				CLANG_CXX_LANGUAGE_STANDARD = "gnu++20";
				CLANG_ENABLE_MODULES = YES;
				CLANG_ENABLE_OBJC_ARC = YES;
				CLANG_ENABLE_OBJC_WEAK = YES;
				CLANG_WARN_BLOCK_CAPTURE_AUTORELEASING = YES;
				CLANG_WARN_BOOL_CONVERSION = YES;
				CLANG_WARN_COMMA = YES;
				CLANG_WARN_CONSTANT_CONVERSION = YES;
				CLANG_WARN_DEPRECATED_OBJC_IMPLEMENTATIONS = YES;
				CLANG_WARN_DIRECT_OBJC_ISA_USAGE = YES_ERROR;
				CLANG_WARN_DOCUMENTATION_COMMENTS = YES;
				CLANG_WARN_EMPTY_BODY = YES;
				CLANG_WARN_ENUM_CONVERSION = YES;
				CLANG_WARN_INFINITE_RECURSION = YES;
				CLANG_WARN_INT_CONVERSION = YES;
				CLANG_WARN_NON_LITERAL_NULL_CONVERSION = YES;
				CLANG_WARN_OBJC_IMPLICIT_RETAIN_SELF = YES;
				CLANG_WARN_OBJC_LITERAL_CONVERSION = YES;
				CLANG_WARN_OBJC_ROOT_CLASS = YES_ERROR;
				CLANG_WARN_QUOTED_INCLUDE_IN_FRAMEWORK_HEADER = YES;
				CLANG_WARN_RANGE_LOOP_ANALYSIS = YES;
				CLANG_WARN_STRICT_PROTOTYPES = YES;
				CLANG_WARN_SUSPICIOUS_MOVE = YES;
				CLANG_WARN_UNGUARDED_AVAILABILITY = YES_AGGRESSIVE;
				CLANG_WARN_UNREACHABLE_CODE = YES;
				CLANG_WARN__DUPLICATE_METHOD_MATCH = YES;
				COPY_PHASE_STRIP = NO;
				DEBUG_INFORMATION_FORMAT = "dwarf-with-dsym";
				ENABLE_NS_ASSERTIONS = NO;
				ENABLE_STRICT_OBJC_MSGSEND = YES;
				GCC_C_LANGUAGE_STANDARD = gnu11;
				GCC_NO_COMMON_BLOCKS = YES;
				GCC_WARN_64_TO_32_BIT_CONVERSION = YES;
				GCC_WARN_ABOUT_RETURN_TYPE = YES_ERROR;
				GCC_WARN_UNDECLARED_SELECTOR = YES;
				GCC_WARN_UNINITIALIZED_AUTOS = YES_AGGRESSIVE;
				GCC_WARN_UNUSED_FUNCTION = YES;
				GCC_WARN_UNUSED_VARIABLE = YES;
				IPHONEOS_DEPLOYMENT_TARGET = 16.4;
				MTL_ENABLE_DEBUG_INFO = NO;
				MTL_FAST_MATH = YES;
				SDKROOT = iphoneos;
				SWIFT_COMPILATION_MODE = wholemodule;
				SWIFT_OPTIMIZATION_LEVEL = "-O";
				VALIDATE_PRODUCT = YES;
			};
			name = Release;
		};
		A9FD57172A1BA8B100F95AFD /* Debug */ = {
			isa = XCBuildConfiguration;
			baseConfigurationReference = A98681222A4881EE00C58C8B /* shared.xcconfig */;
			buildSettings = {
				ASSETCATALOG_COMPILER_APPICON_NAME = AppIcon;
				ASSETCATALOG_COMPILER_GLOBAL_ACCENT_COLOR_NAME = AccentColor;
				CODE_SIGN_STYLE = Automatic;
				CURRENT_PROJECT_VERSION = 1;
				DEVELOPMENT_ASSET_PATHS = "\"Catch_a_Phrase/Preview Content\"";
				DEVELOPMENT_TEAM = V7Y39HNV38;
				ENABLE_PREVIEWS = YES;
				GENERATE_INFOPLIST_FILE = YES;
				INFOPLIST_FILE = "Catch-a-Phrase-Info.plist";
				INFOPLIST_KEY_UIApplicationSceneManifest_Generation = YES;
				INFOPLIST_KEY_UIApplicationSupportsIndirectInputEvents = YES;
				INFOPLIST_KEY_UILaunchScreen_Generation = YES;
				INFOPLIST_KEY_UISupportedInterfaceOrientations = UIInterfaceOrientationPortrait;
				INFOPLIST_KEY_UISupportedInterfaceOrientations_iPad = "UIInterfaceOrientationLandscapeLeft UIInterfaceOrientationLandscapeRight UIInterfaceOrientationPortrait UIInterfaceOrientationPortraitUpsideDown";
				LD_RUNPATH_SEARCH_PATHS = (
					"$(inherited)",
					"@executable_path/Frameworks",
				);
				MARKETING_VERSION = 1.0;
				PRODUCT_BUNDLE_IDENTIFIER = "yuncoffee.Catch-a-Phrase";
				PRODUCT_NAME = "$(TARGET_NAME)";
				SWIFT_EMIT_LOC_STRINGS = YES;
				SWIFT_VERSION = 5.0;
				TARGETED_DEVICE_FAMILY = "1,2";
			};
			name = Debug;
		};
		A9FD57182A1BA8B100F95AFD /* Release */ = {
			isa = XCBuildConfiguration;
			baseConfigurationReference = A98681222A4881EE00C58C8B /* shared.xcconfig */;
			buildSettings = {
				ASSETCATALOG_COMPILER_APPICON_NAME = AppIcon;
				ASSETCATALOG_COMPILER_GLOBAL_ACCENT_COLOR_NAME = AccentColor;
				CODE_SIGN_STYLE = Automatic;
				CURRENT_PROJECT_VERSION = 1;
				DEVELOPMENT_ASSET_PATHS = "\"Catch_a_Phrase/Preview Content\"";
				DEVELOPMENT_TEAM = V7Y39HNV38;
				ENABLE_PREVIEWS = YES;
				GENERATE_INFOPLIST_FILE = YES;
				INFOPLIST_FILE = "Catch-a-Phrase-Info.plist";
				INFOPLIST_KEY_UIApplicationSceneManifest_Generation = YES;
				INFOPLIST_KEY_UIApplicationSupportsIndirectInputEvents = YES;
				INFOPLIST_KEY_UILaunchScreen_Generation = YES;
				INFOPLIST_KEY_UISupportedInterfaceOrientations = UIInterfaceOrientationPortrait;
				INFOPLIST_KEY_UISupportedInterfaceOrientations_iPad = "UIInterfaceOrientationLandscapeLeft UIInterfaceOrientationLandscapeRight UIInterfaceOrientationPortrait UIInterfaceOrientationPortraitUpsideDown";
				LD_RUNPATH_SEARCH_PATHS = (
					"$(inherited)",
					"@executable_path/Frameworks",
				);
				MARKETING_VERSION = 1.0;
				PRODUCT_BUNDLE_IDENTIFIER = "yuncoffee.Catch-a-Phrase";
				PRODUCT_NAME = "$(TARGET_NAME)";
				SWIFT_EMIT_LOC_STRINGS = YES;
				SWIFT_VERSION = 5.0;
				TARGETED_DEVICE_FAMILY = "1,2";
			};
			name = Release;
		};
		A9FD571A2A1BA8B100F95AFD /* Debug */ = {
			isa = XCBuildConfiguration;
			baseConfigurationReference = A98681222A4881EE00C58C8B /* shared.xcconfig */;
			buildSettings = {
				ALWAYS_EMBED_SWIFT_STANDARD_LIBRARIES = YES;
				BUNDLE_LOADER = "$(TEST_HOST)";
				CODE_SIGN_STYLE = Automatic;
				CURRENT_PROJECT_VERSION = 1;
				DEVELOPMENT_TEAM = V7Y39HNV38;
				GENERATE_INFOPLIST_FILE = YES;
				IPHONEOS_DEPLOYMENT_TARGET = 16.4;
				MARKETING_VERSION = 1.0;
				PRODUCT_BUNDLE_IDENTIFIER = "yuncoffee.Catch-a-PhraseTests";
				PRODUCT_NAME = "$(TARGET_NAME)";
				SWIFT_EMIT_LOC_STRINGS = NO;
				SWIFT_VERSION = 5.0;
				TARGETED_DEVICE_FAMILY = "1,2";
				TEST_HOST = "$(BUILT_PRODUCTS_DIR)/Catch_a_Phrase.app/$(BUNDLE_EXECUTABLE_FOLDER_PATH)/Catch_a_Phrase";
			};
			name = Debug;
		};
		A9FD571B2A1BA8B100F95AFD /* Release */ = {
			isa = XCBuildConfiguration;
			baseConfigurationReference = A98681222A4881EE00C58C8B /* shared.xcconfig */;
			buildSettings = {
				ALWAYS_EMBED_SWIFT_STANDARD_LIBRARIES = YES;
				BUNDLE_LOADER = "$(TEST_HOST)";
				CODE_SIGN_STYLE = Automatic;
				CURRENT_PROJECT_VERSION = 1;
				DEVELOPMENT_TEAM = V7Y39HNV38;
				GENERATE_INFOPLIST_FILE = YES;
				IPHONEOS_DEPLOYMENT_TARGET = 16.4;
				MARKETING_VERSION = 1.0;
				PRODUCT_BUNDLE_IDENTIFIER = "yuncoffee.Catch-a-PhraseTests";
				PRODUCT_NAME = "$(TARGET_NAME)";
				SWIFT_EMIT_LOC_STRINGS = NO;
				SWIFT_VERSION = 5.0;
				TARGETED_DEVICE_FAMILY = "1,2";
				TEST_HOST = "$(BUILT_PRODUCTS_DIR)/Catch_a_Phrase.app/$(BUNDLE_EXECUTABLE_FOLDER_PATH)/Catch_a_Phrase";
			};
			name = Release;
		};
		A9FD571D2A1BA8B100F95AFD /* Debug */ = {
			isa = XCBuildConfiguration;
			baseConfigurationReference = A98681222A4881EE00C58C8B /* shared.xcconfig */;
			buildSettings = {
				ALWAYS_EMBED_SWIFT_STANDARD_LIBRARIES = YES;
				CODE_SIGN_STYLE = Automatic;
				CURRENT_PROJECT_VERSION = 1;
				DEVELOPMENT_TEAM = V7Y39HNV38;
				GENERATE_INFOPLIST_FILE = YES;
				MARKETING_VERSION = 1.0;
				PRODUCT_BUNDLE_IDENTIFIER = "yuncoffee.Catch-a-PhraseUITests";
				PRODUCT_NAME = "$(TARGET_NAME)";
				SWIFT_EMIT_LOC_STRINGS = NO;
				SWIFT_VERSION = 5.0;
				TARGETED_DEVICE_FAMILY = "1,2";
				TEST_TARGET_NAME = Catch_a_Phrase;
			};
			name = Debug;
		};
		A9FD571E2A1BA8B100F95AFD /* Release */ = {
			isa = XCBuildConfiguration;
			baseConfigurationReference = A98681222A4881EE00C58C8B /* shared.xcconfig */;
			buildSettings = {
				ALWAYS_EMBED_SWIFT_STANDARD_LIBRARIES = YES;
				CODE_SIGN_STYLE = Automatic;
				CURRENT_PROJECT_VERSION = 1;
				DEVELOPMENT_TEAM = V7Y39HNV38;
				GENERATE_INFOPLIST_FILE = YES;
				MARKETING_VERSION = 1.0;
				PRODUCT_BUNDLE_IDENTIFIER = "yuncoffee.Catch-a-PhraseUITests";
				PRODUCT_NAME = "$(TARGET_NAME)";
				SWIFT_EMIT_LOC_STRINGS = NO;
				SWIFT_VERSION = 5.0;
				TARGETED_DEVICE_FAMILY = "1,2";
				TEST_TARGET_NAME = Catch_a_Phrase;
			};
			name = Release;
		};
/* End XCBuildConfiguration section */

/* Begin XCConfigurationList section */
		A9FD56E72A1BA8AF00F95AFD /* Build configuration list for PBXProject "Catch_a_Phrase" */ = {
			isa = XCConfigurationList;
			buildConfigurations = (
				A9FD57142A1BA8B100F95AFD /* Debug */,
				A9FD57152A1BA8B100F95AFD /* Release */,
			);
			defaultConfigurationIsVisible = 0;
			defaultConfigurationName = Release;
		};
		A9FD57162A1BA8B100F95AFD /* Build configuration list for PBXNativeTarget "Catch_a_Phrase" */ = {
			isa = XCConfigurationList;
			buildConfigurations = (
				A9FD57172A1BA8B100F95AFD /* Debug */,
				A9FD57182A1BA8B100F95AFD /* Release */,
			);
			defaultConfigurationIsVisible = 0;
			defaultConfigurationName = Release;
		};
		A9FD57192A1BA8B100F95AFD /* Build configuration list for PBXNativeTarget "Catch_a_PhraseTests" */ = {
			isa = XCConfigurationList;
			buildConfigurations = (
				A9FD571A2A1BA8B100F95AFD /* Debug */,
				A9FD571B2A1BA8B100F95AFD /* Release */,
			);
			defaultConfigurationIsVisible = 0;
			defaultConfigurationName = Release;
		};
		A9FD571C2A1BA8B100F95AFD /* Build configuration list for PBXNativeTarget "Catch_a_PhraseUITests" */ = {
			isa = XCConfigurationList;
			buildConfigurations = (
				A9FD571D2A1BA8B100F95AFD /* Debug */,
				A9FD571E2A1BA8B100F95AFD /* Release */,
			);
			defaultConfigurationIsVisible = 0;
			defaultConfigurationName = Release;
		};
/* End XCConfigurationList section */

/* Begin XCVersionGroup section */
		A9FD56FA2A1BA8B100F95AFD /* Catch_a_Phrase.xcdatamodeld */ = {
			isa = XCVersionGroup;
			children = (
				A9FD56FB2A1BA8B100F95AFD /* Catch_a_Phrase.xcdatamodel */,
			);
			currentVersion = A9FD56FB2A1BA8B100F95AFD /* Catch_a_Phrase.xcdatamodel */;
			path = Catch_a_Phrase.xcdatamodeld;
			sourceTree = "<group>";
			versionGroupType = wrapper.xcdatamodel;
		};
/* End XCVersionGroup section */
	};
	rootObject = A9FD56E42A1BA8AF00F95AFD /* Project object */;
}
